// !$*UTF8*$!
{
	archiveVersion = 1;
	classes = {
	};
	objectVersion = 46;
	objects = {

/* Begin PBXBuildFile section */
		16CCF6E119F6E35D00EB0B4C /* main.m in Sources */ = {isa = PBXBuildFile; fileRef = 16CCF6E019F6E35D00EB0B4C /* main.m */; };
		16CCF6E419F6E35D00EB0B4C /* AppDelegate.m in Sources */ = {isa = PBXBuildFile; fileRef = 16CCF6E319F6E35D00EB0B4C /* AppDelegate.m */; };
		16CCF6E719F6E35D00EB0B4C /* LostCharacters.xcdatamodeld in Sources */ = {isa = PBXBuildFile; fileRef = 16CCF6E519F6E35D00EB0B4C /* LostCharacters.xcdatamodeld */; };
		16CCF6EA19F6E35D00EB0B4C /* MasterViewController.m in Sources */ = {isa = PBXBuildFile; fileRef = 16CCF6E919F6E35D00EB0B4C /* MasterViewController.m */; };
		16CCF6ED19F6E35D00EB0B4C /* DetailViewController.m in Sources */ = {isa = PBXBuildFile; fileRef = 16CCF6EC19F6E35D00EB0B4C /* DetailViewController.m */; };
		16CCF6F019F6E35D00EB0B4C /* Main.storyboard in Resources */ = {isa = PBXBuildFile; fileRef = 16CCF6EE19F6E35D00EB0B4C /* Main.storyboard */; };
		16CCF6F219F6E35D00EB0B4C /* Images.xcassets in Resources */ = {isa = PBXBuildFile; fileRef = 16CCF6F119F6E35D00EB0B4C /* Images.xcassets */; };
		16CCF6F519F6E35D00EB0B4C /* LaunchScreen.xib in Resources */ = {isa = PBXBuildFile; fileRef = 16CCF6F319F6E35D00EB0B4C /* LaunchScreen.xib */; };
		16CCF70119F6E35D00EB0B4C /* LostCharactersTests.m in Sources */ = {isa = PBXBuildFile; fileRef = 16CCF70019F6E35D00EB0B4C /* LostCharactersTests.m */; };
		16CCF70B19F6E41800EB0B4C /* lost.plist in Resources */ = {isa = PBXBuildFile; fileRef = 16CCF70A19F6E41800EB0B4C /* lost.plist */; };
		16CCF70E19F72CDD00EB0B4C /* AddMemberViewController.m in Sources */ = {isa = PBXBuildFile; fileRef = 16CCF70D19F72CDD00EB0B4C /* AddMemberViewController.m */; };
/* End PBXBuildFile section */

/* Begin PBXContainerItemProxy section */
		16CCF6FB19F6E35D00EB0B4C /* PBXContainerItemProxy */ = {
			isa = PBXContainerItemProxy;
			containerPortal = 16CCF6D319F6E35D00EB0B4C /* Project object */;
			proxyType = 1;
			remoteGlobalIDString = 16CCF6DA19F6E35D00EB0B4C;
			remoteInfo = LostCharacters;
		};
/* End PBXContainerItemProxy section */

/* Begin PBXFileReference section */
		16CCF6DB19F6E35D00EB0B4C /* LostCharacters.app */ = {isa = PBXFileReference; explicitFileType = wrapper.application; includeInIndex = 0; path = LostCharacters.app; sourceTree = BUILT_PRODUCTS_DIR; };
		16CCF6DF19F6E35D00EB0B4C /* Info.plist */ = {isa = PBXFileReference; lastKnownFileType = text.plist.xml; path = Info.plist; sourceTree = "<group>"; };
		16CCF6E019F6E35D00EB0B4C /* main.m */ = {isa = PBXFileReference; lastKnownFileType = sourcecode.c.objc; path = main.m; sourceTree = "<group>"; };
		16CCF6E219F6E35D00EB0B4C /* AppDelegate.h */ = {isa = PBXFileReference; lastKnownFileType = sourcecode.c.h; path = AppDelegate.h; sourceTree = "<group>"; };
		16CCF6E319F6E35D00EB0B4C /* AppDelegate.m */ = {isa = PBXFileReference; lastKnownFileType = sourcecode.c.objc; path = AppDelegate.m; sourceTree = "<group>"; };
		16CCF6E619F6E35D00EB0B4C /* LostCharacters.xcdatamodel */ = {isa = PBXFileReference; lastKnownFileType = wrapper.xcdatamodel; path = LostCharacters.xcdatamodel; sourceTree = "<group>"; };
		16CCF6E819F6E35D00EB0B4C /* MasterViewController.h */ = {isa = PBXFileReference; lastKnownFileType = sourcecode.c.h; path = MasterViewController.h; sourceTree = "<group>"; };
		16CCF6E919F6E35D00EB0B4C /* MasterViewController.m */ = {isa = PBXFileReference; lastKnownFileType = sourcecode.c.objc; path = MasterViewController.m; sourceTree = "<group>"; };
		16CCF6EB19F6E35D00EB0B4C /* DetailViewController.h */ = {isa = PBXFileReference; lastKnownFileType = sourcecode.c.h; path = DetailViewController.h; sourceTree = "<group>"; };
		16CCF6EC19F6E35D00EB0B4C /* DetailViewController.m */ = {isa = PBXFileReference; lastKnownFileType = sourcecode.c.objc; path = DetailViewController.m; sourceTree = "<group>"; };
		16CCF6EF19F6E35D00EB0B4C /* Base */ = {isa = PBXFileReference; lastKnownFileType = file.storyboard; name = Base; path = Base.lproj/Main.storyboard; sourceTree = "<group>"; };
		16CCF6F119F6E35D00EB0B4C /* Images.xcassets */ = {isa = PBXFileReference; lastKnownFileType = folder.assetcatalog; path = Images.xcassets; sourceTree = "<group>"; };
		16CCF6F419F6E35D00EB0B4C /* Base */ = {isa = PBXFileReference; lastKnownFileType = file.xib; name = Base; path = Base.lproj/LaunchScreen.xib; sourceTree = "<group>"; };
		16CCF6FA19F6E35D00EB0B4C /* LostCharactersTests.xctest */ = {isa = PBXFileReference; explicitFileType = wrapper.cfbundle; includeInIndex = 0; path = LostCharactersTests.xctest; sourceTree = BUILT_PRODUCTS_DIR; };
		16CCF6FF19F6E35D00EB0B4C /* Info.plist */ = {isa = PBXFileReference; lastKnownFileType = text.plist.xml; path = Info.plist; sourceTree = "<group>"; };
		16CCF70019F6E35D00EB0B4C /* LostCharactersTests.m */ = {isa = PBXFileReference; lastKnownFileType = sourcecode.c.objc; path = LostCharactersTests.m; sourceTree = "<group>"; };
		16CCF70A19F6E41800EB0B4C /* lost.plist */ = {isa = PBXFileReference; fileEncoding = 4; lastKnownFileType = text.plist.xml; path = lost.plist; sourceTree = "<group>"; };
		16CCF70C19F72CDD00EB0B4C /* AddMemberViewController.h */ = {isa = PBXFileReference; fileEncoding = 4; lastKnownFileType = sourcecode.c.h; path = AddMemberViewController.h; sourceTree = "<group>"; };
		16CCF70D19F72CDD00EB0B4C /* AddMemberViewController.m */ = {isa = PBXFileReference; fileEncoding = 4; lastKnownFileType = sourcecode.c.objc; path = AddMemberViewController.m; sourceTree = "<group>"; };
/* End PBXFileReference section */

/* Begin PBXFrameworksBuildPhase section */
		16CCF6D819F6E35D00EB0B4C /* Frameworks */ = {
			isa = PBXFrameworksBuildPhase;
			buildActionMask = 2147483647;
			files = (
			);
			runOnlyForDeploymentPostprocessing = 0;
		};
		16CCF6F719F6E35D00EB0B4C /* Frameworks */ = {
			isa = PBXFrameworksBuildPhase;
			buildActionMask = 2147483647;
			files = (
			);
			runOnlyForDeploymentPostprocessing = 0;
		};
/* End PBXFrameworksBuildPhase section */

/* Begin PBXGroup section */
		16CCF6D219F6E35D00EB0B4C = {
			isa = PBXGroup;
			children = (
				16CCF6DD19F6E35D00EB0B4C /* LostCharacters */,
				16CCF6FD19F6E35D00EB0B4C /* LostCharactersTests */,
				16CCF6DC19F6E35D00EB0B4C /* Products */,
			);
			sourceTree = "<group>";
		};
		16CCF6DC19F6E35D00EB0B4C /* Products */ = {
			isa = PBXGroup;
			children = (
				16CCF6DB19F6E35D00EB0B4C /* LostCharacters.app */,
				16CCF6FA19F6E35D00EB0B4C /* LostCharactersTests.xctest */,
			);
			name = Products;
			sourceTree = "<group>";
		};
		16CCF6DD19F6E35D00EB0B4C /* LostCharacters */ = {
			isa = PBXGroup;
			children = (
				16CCF6E219F6E35D00EB0B4C /* AppDelegate.h */,
				16CCF6E319F6E35D00EB0B4C /* AppDelegate.m */,
				16CCF6E819F6E35D00EB0B4C /* MasterViewController.h */,
				16CCF6E919F6E35D00EB0B4C /* MasterViewController.m */,
				16CCF70C19F72CDD00EB0B4C /* AddMemberViewController.h */,
				16CCF70D19F72CDD00EB0B4C /* AddMemberViewController.m */,
				16CCF6EB19F6E35D00EB0B4C /* DetailViewController.h */,
				16CCF6EC19F6E35D00EB0B4C /* DetailViewController.m */,
				16CCF6EE19F6E35D00EB0B4C /* Main.storyboard */,
				16CCF6F119F6E35D00EB0B4C /* Images.xcassets */,
				16CCF6F319F6E35D00EB0B4C /* LaunchScreen.xib */,
				16CCF6E519F6E35D00EB0B4C /* LostCharacters.xcdatamodeld */,
				16CCF6DE19F6E35D00EB0B4C /* Supporting Files */,
			);
			path = LostCharacters;
			sourceTree = "<group>";
		};
		16CCF6DE19F6E35D00EB0B4C /* Supporting Files */ = {
			isa = PBXGroup;
			children = (
				16CCF70A19F6E41800EB0B4C /* lost.plist */,
				16CCF6DF19F6E35D00EB0B4C /* Info.plist */,
				16CCF6E019F6E35D00EB0B4C /* main.m */,
			);
			name = "Supporting Files";
			sourceTree = "<group>";
		};
		16CCF6FD19F6E35D00EB0B4C /* LostCharactersTests */ = {
			isa = PBXGroup;
			children = (
				16CCF70019F6E35D00EB0B4C /* LostCharactersTests.m */,
				16CCF6FE19F6E35D00EB0B4C /* Supporting Files */,
			);
			path = LostCharactersTests;
			sourceTree = "<group>";
		};
		16CCF6FE19F6E35D00EB0B4C /* Supporting Files */ = {
			isa = PBXGroup;
			children = (
				16CCF6FF19F6E35D00EB0B4C /* Info.plist */,
			);
			name = "Supporting Files";
			sourceTree = "<group>";
		};
/* End PBXGroup section */

/* Begin PBXNativeTarget section */
		16CCF6DA19F6E35D00EB0B4C /* LostCharacters */ = {
			isa = PBXNativeTarget;
			buildConfigurationList = 16CCF70419F6E35D00EB0B4C /* Build configuration list for PBXNativeTarget "LostCharacters" */;
			buildPhases = (
				16CCF6D719F6E35D00EB0B4C /* Sources */,
				16CCF6D819F6E35D00EB0B4C /* Frameworks */,
				16CCF6D919F6E35D00EB0B4C /* Resources */,
			);
			buildRules = (
			);
			dependencies = (
			);
			name = LostCharacters;
			productName = LostCharacters;
			productReference = 16CCF6DB19F6E35D00EB0B4C /* LostCharacters.app */;
			productType = "com.apple.product-type.application";
		};
		16CCF6F919F6E35D00EB0B4C /* LostCharactersTests */ = {
			isa = PBXNativeTarget;
			buildConfigurationList = 16CCF70719F6E35D00EB0B4C /* Build configuration list for PBXNativeTarget "LostCharactersTests" */;
			buildPhases = (
				16CCF6F619F6E35D00EB0B4C /* Sources */,
				16CCF6F719F6E35D00EB0B4C /* Frameworks */,
				16CCF6F819F6E35D00EB0B4C /* Resources */,
			);
			buildRules = (
			);
			dependencies = (
				16CCF6FC19F6E35D00EB0B4C /* PBXTargetDependency */,
			);
			name = LostCharactersTests;
			productName = LostCharactersTests;
			productReference = 16CCF6FA19F6E35D00EB0B4C /* LostCharactersTests.xctest */;
			productType = "com.apple.product-type.bundle.unit-test";
		};
/* End PBXNativeTarget section */

/* Begin PBXProject section */
		16CCF6D319F6E35D00EB0B4C /* Project object */ = {
			isa = PBXProject;
			attributes = {
				LastUpgradeCheck = 0600;
				ORGANIZATIONNAME = "Wade Sellers";
				TargetAttributes = {
					16CCF6DA19F6E35D00EB0B4C = {
						CreatedOnToolsVersion = 6.0.1;
					};
					16CCF6F919F6E35D00EB0B4C = {
						CreatedOnToolsVersion = 6.0.1;
						TestTargetID = 16CCF6DA19F6E35D00EB0B4C;
					};
				};
			};
			buildConfigurationList = 16CCF6D619F6E35D00EB0B4C /* Build configuration list for PBXProject "LostCharacters" */;
			compatibilityVersion = "Xcode 3.2";
			developmentRegion = English;
			hasScannedForEncodings = 0;
			knownRegions = (
				en,
				Base,
			);
			mainGroup = 16CCF6D219F6E35D00EB0B4C;
			productRefGroup = 16CCF6DC19F6E35D00EB0B4C /* Products */;
			projectDirPath = "";
			projectRoot = "";
			targets = (
				16CCF6DA19F6E35D00EB0B4C /* LostCharacters */,
				16CCF6F919F6E35D00EB0B4C /* LostCharactersTests */,
			);
		};
/* End PBXProject section */

/* Begin PBXResourcesBuildPhase section */
		16CCF6D919F6E35D00EB0B4C /* Resources */ = {
			isa = PBXResourcesBuildPhase;
			buildActionMask = 2147483647;
			files = (
				16CCF6F019F6E35D00EB0B4C /* Main.storyboard in Resources */,
				16CCF6F519F6E35D00EB0B4C /* LaunchScreen.xib in Resources */,
				16CCF70B19F6E41800EB0B4C /* lost.plist in Resources */,
				16CCF6F219F6E35D00EB0B4C /* Images.xcassets in Resources */,
			);
			runOnlyForDeploymentPostprocessing = 0;
		};
		16CCF6F819F6E35D00EB0B4C /* Resources */ = {
			isa = PBXResourcesBuildPhase;
			buildActionMask = 2147483647;
			files = (
			);
			runOnlyForDeploymentPostprocessing = 0;
		};
/* End PBXResourcesBuildPhase section */

/* Begin PBXSourcesBuildPhase section */
		16CCF6D719F6E35D00EB0B4C /* Sources */ = {
			isa = PBXSourcesBuildPhase;
			buildActionMask = 2147483647;
			files = (
				16CCF70E19F72CDD00EB0B4C /* AddMemberViewController.m in Sources */,
				16CCF6ED19F6E35D00EB0B4C /* DetailViewController.m in Sources */,
				16CCF6EA19F6E35D00EB0B4C /* MasterViewController.m in Sources */,
				16CCF6E719F6E35D00EB0B4C /* LostCharacters.xcdatamodeld in Sources */,
				16CCF6E419F6E35D00EB0B4C /* AppDelegate.m in Sources */,
				16CCF6E119F6E35D00EB0B4C /* main.m in Sources */,
			);
			runOnlyForDeploymentPostprocessing = 0;
		};
		16CCF6F619F6E35D00EB0B4C /* Sources */ = {
			isa = PBXSourcesBuildPhase;
			buildActionMask = 2147483647;
			files = (
				16CCF70119F6E35D00EB0B4C /* LostCharactersTests.m in Sources */,
			);
			runOnlyForDeploymentPostprocessing = 0;
		};
/* End PBXSourcesBuildPhase section */

/* Begin PBXTargetDependency section */
		16CCF6FC19F6E35D00EB0B4C /* PBXTargetDependency */ = {
			isa = PBXTargetDependency;
			target = 16CCF6DA19F6E35D00EB0B4C /* LostCharacters */;
			targetProxy = 16CCF6FB19F6E35D00EB0B4C /* PBXContainerItemProxy */;
		};
/* End PBXTargetDependency section */

/* Begin PBXVariantGroup section */
		16CCF6EE19F6E35D00EB0B4C /* Main.storyboard */ = {
			isa = PBXVariantGroup;
			children = (
				16CCF6EF19F6E35D00EB0B4C /* Base */,
			);
			name = Main.storyboard;
			sourceTree = "<group>";
		};
		16CCF6F319F6E35D00EB0B4C /* LaunchScreen.xib */ = {
			isa = PBXVariantGroup;
			children = (
				16CCF6F419F6E35D00EB0B4C /* Base */,
			);
			name = LaunchScreen.xib;
			sourceTree = "<group>";
		};
/* End PBXVariantGroup section */

/* Begin XCBuildConfiguration section */
		16CCF70219F6E35D00EB0B4C /* Debug */ = {
			isa = XCBuildConfiguration;
			buildSettings = {
				ALWAYS_SEARCH_USER_PATHS = NO;
				CLANG_CXX_LANGUAGE_STANDARD = "gnu++0x";
				CLANG_CXX_LIBRARY = "libc++";
				CLANG_ENABLE_MODULES = YES;
				CLANG_ENABLE_OBJC_ARC = YES;
				CLANG_WARN_BOOL_CONVERSION = YES;
				CLANG_WARN_CONSTANT_CONVERSION = YES;
				CLANG_WARN_DIRECT_OBJC_ISA_USAGE = YES_ERROR;
				CLANG_WARN_EMPTY_BODY = YES;
				CLANG_WARN_ENUM_CONVERSION = YES;
				CLANG_WARN_INT_CONVERSION = YES;
				CLANG_WARN_OBJC_ROOT_CLASS = YES_ERROR;
				CLANG_WARN_UNREACHABLE_CODE = YES;
				CLANG_WARN__DUPLICATE_METHOD_MATCH = YES;
				"CODE_SIGN_IDENTITY[sdk=iphoneos*]" = "iPhone Developer";
				COPY_PHASE_STRIP = NO;
				ENABLE_STRICT_OBJC_MSGSEND = YES;
				GCC_C_LANGUAGE_STANDARD = gnu99;
				GCC_DYNAMIC_NO_PIC = NO;
				GCC_OPTIMIZATION_LEVEL = 0;
				GCC_PREPROCESSOR_DEFINITIONS = (
					"DEBUG=1",
					"$(inherited)",
				);
				GCC_SYMBOLS_PRIVATE_EXTERN = NO;
				GCC_WARN_64_TO_32_BIT_CONVERSION = YES;
				GCC_WARN_ABOUT_RETURN_TYPE = YES_ERROR;
				GCC_WARN_UNDECLARED_SELECTOR = YES;
				GCC_WARN_UNINITIALIZED_AUTOS = YES_AGGRESSIVE;
				GCC_WARN_UNUSED_FUNCTION = YES;
				GCC_WARN_UNUSED_VARIABLE = YES;
				IPHONEOS_DEPLOYMENT_TARGET = 8.0;
				MTL_ENABLE_DEBUG_INFO = YES;
				ONLY_ACTIVE_ARCH = YES;
				SDKROOT = iphoneos;
			};
			name = Debug;
		};
		16CCF70319F6E35D00EB0B4C /* Release */ = {
			isa = XCBuildConfiguration;
			buildSettings = {
				ALWAYS_SEARCH_USER_PATHS = NO;
				CLANG_CXX_LANGUAGE_STANDARD = "gnu++0x";
				CLANG_CXX_LIBRARY = "libc++";
				CLANG_ENABLE_MODULES = YES;
				CLANG_ENABLE_OBJC_ARC = YES;
				CLANG_WARN_BOOL_CONVERSION = YES;
				CLANG_WARN_CONSTANT_CONVERSION = YES;
				CLANG_WARN_DIRECT_OBJC_ISA_USAGE = YES_ERROR;
				CLANG_WARN_EMPTY_BODY = YES;
				CLANG_WARN_ENUM_CONVERSION = YES;
				CLANG_WARN_INT_CONVERSION = YES;
				CLANG_WARN_OBJC_ROOT_CLASS = YES_ERROR;
				CLANG_WARN_UNREACHABLE_CODE = YES;
				CLANG_WARN__DUPLICATE_METHOD_MATCH = YES;
				"CODE_SIGN_IDENTITY[sdk=iphoneos*]" = "iPhone Developer";
				COPY_PHASE_STRIP = YES;
				ENABLE_NS_ASSERTIONS = NO;
				ENABLE_STRICT_OBJC_MSGSEND = YES;
				GCC_C_LANGUAGE_STANDARD = gnu99;
				GCC_WARN_64_TO_32_BIT_CONVERSION = YES;
				GCC_WARN_ABOUT_RETURN_TYPE = YES_ERROR;
				GCC_WARN_UNDECLARED_SELECTOR = YES;
				GCC_WARN_UNINITIALIZED_AUTOS = YES_AGGRESSIVE;
				GCC_WARN_UNUSED_FUNCTION = YES;
				GCC_WARN_UNUSED_VARIABLE = YES;
				IPHONEOS_DEPLOYMENT_TARGET = 8.0;
				MTL_ENABLE_DEBUG_INFO = NO;
				SDKROOT = iphoneos;
				VALIDATE_PRODUCT = YES;
			};
			name = Release;
		};
		16CCF70519F6E35D00EB0B4C /* Debug */ = {
			isa = XCBuildConfiguration;
			buildSettings = {
				ASSETCATALOG_COMPILER_APPICON_NAME = AppIcon;
				INFOPLIST_FILE = LostCharacters/Info.plist;
				LD_RUNPATH_SEARCH_PATHS = "$(inherited) @executable_path/Frameworks";
				PRODUCT_NAME = "$(TARGET_NAME)";
			};
			name = Debug;
		};
		16CCF70619F6E35D00EB0B4C /* Release */ = {
			isa = XCBuildConfiguration;
			buildSettings = {
				ASSETCATALOG_COMPILER_APPICON_NAME = AppIcon;
				INFOPLIST_FILE = LostCharacters/Info.plist;
				LD_RUNPATH_SEARCH_PATHS = "$(inherited) @executable_path/Frameworks";
				PRODUCT_NAME = "$(TARGET_NAME)";
			};
			name = Release;
		};
		16CCF70819F6E35D00EB0B4C /* Debug */ = {
			isa = XCBuildConfiguration;
			buildSettings = {
				BUNDLE_LOADER = "$(TEST_HOST)";
				FRAMEWORK_SEARCH_PATHS = (
					"$(SDKROOT)/Developer/Library/Frameworks",
					"$(inherited)",
				);
				GCC_PREPROCESSOR_DEFINITIONS = (
					"DEBUG=1",
					"$(inherited)",
				);
				INFOPLIST_FILE = LostCharactersTests/Info.plist;
				LD_RUNPATH_SEARCH_PATHS = "$(inherited) @executable_path/Frameworks @loader_path/Frameworks";
				PRODUCT_NAME = "$(TARGET_NAME)";
				TEST_HOST = "$(BUILT_PRODUCTS_DIR)/LostCharacters.app/LostCharacters";
			};
			name = Debug;
		};
		16CCF70919F6E35D00EB0B4C /* Release */ = {
			isa = XCBuildConfiguration;
			buildSettings = {
				BUNDLE_LOADER = "$(TEST_HOST)";
				FRAMEWORK_SEARCH_PATHS = (
					"$(SDKROOT)/Developer/Library/Frameworks",
					"$(inherited)",
				);
				INFOPLIST_FILE = LostCharactersTests/Info.plist;
				LD_RUNPATH_SEARCH_PATHS = "$(inherited) @executable_path/Frameworks @loader_path/Frameworks";
				PRODUCT_NAME = "$(TARGET_NAME)";
				TEST_HOST = "$(BUILT_PRODUCTS_DIR)/LostCharacters.app/LostCharacters";
			};
			name = Release;
		};
/* End XCBuildConfiguration section */

/* Begin XCConfigurationList section */
		16CCF6D619F6E35D00EB0B4C /* Build configuration list for PBXProject "LostCharacters" */ = {
			isa = XCConfigurationList;
			buildConfigurations = (
				16CCF70219F6E35D00EB0B4C /* Debug */,
				16CCF70319F6E35D00EB0B4C /* Release */,
			);
			defaultConfigurationIsVisible = 0;
			defaultConfigurationName = Release;
		};
		16CCF70419F6E35D00EB0B4C /* Build configuration list for PBXNativeTarget "LostCharacters" */ = {
			isa = XCConfigurationList;
			buildConfigurations = (
				16CCF70519F6E35D00EB0B4C /* Debug */,
				16CCF70619F6E35D00EB0B4C /* Release */,
			);
			defaultConfigurationIsVisible = 0;
		};
		16CCF70719F6E35D00EB0B4C /* Build configuration list for PBXNativeTarget "LostCharactersTests" */ = {
			isa = XCConfigurationList;
			buildConfigurations = (
				16CCF70819F6E35D00EB0B4C /* Debug */,
				16CCF70919F6E35D00EB0B4C /* Release */,
			);
			defaultConfigurationIsVisible = 0;
		};
/* End XCConfigurationList section */

/* Begin XCVersionGroup section */
		16CCF6E519F6E35D00EB0B4C /* LostCharacters.xcdatamodeld */ = {
			isa = XCVersionGroup;
			children = (
				16CCF6E619F6E35D00EB0B4C /* LostCharacters.xcdatamodel */,
			);
			currentVersion = 16CCF6E619F6E35D00EB0B4C /* LostCharacters.xcdatamodel */;
			path = LostCharacters.xcdatamodeld;
			sourceTree = "<group>";
			versionGroupType = wrapper.xcdatamodel;
		};
/* End XCVersionGroup section */
	};
	rootObject = 16CCF6D319F6E35D00EB0B4C /* Project object */;
}
